
Microsoft Visual Studio Solution File, Format Version 12.00
# Visual Studio Version 16
VisualStudioVersion = 16.0.31702.278
MinimumVisualStudioVersion = 10.0.40219.1
Project("{FAE04EC0-301F-11D3-BF4B-00C04F79EFBC}") = "stajDeneme", "stajDeneme\stajDeneme.csproj", "{EA3A43D7-B353-4133-8785-37E688BD0DAD}"
EndProject
Global
	GlobalSection(SolutionConfigurationPlatforms) = preSolution
		Debug|Any CPU = Debug|Any CPU
		Release|Any CPU = Release|Any CPU
	EndGlobalSection
	GlobalSection(ProjectConfigurationPlatforms) = postSolution
		{EA3A43D7-B353-4133-8785-37E688BD0DAD}.Debug|Any CPU.ActiveCfg = Debug|Any CPU
		{EA3A43D7-B353-4133-8785-37E688BD0DAD}.Debug|Any CPU.Build.0 = Debug|Any CPU
		{EA3A43D7-B353-4133-8785-37E688BD0DAD}.Release|Any CPU.ActiveCfg = Release|Any CPU
		{EA3A43D7-B353-4133-8785-37E688BD0DAD}.Release|Any CPU.Build.0 = Release|Any CPU
	EndGlobalSection
	GlobalSection(SolutionProperties) = preSolution
		HideSolutionNode = FALSE
	EndGlobalSection
	GlobalSection(ExtensibilityGlobals) = postSolution
		SolutionGuid = {BD1606EF-9435-4414-A796-FFDD5DB45384}
	EndGlobalSection
EndGlobal
